{
    "version": 3,
    "terraform_version": "0.11.3",
    "serial": 55,
    "lineage": "9ec715dc-998c-484f-a59e-4147d9e4814a",
    "modules": [
        {
            "path": [
                "root"
            ],
            "outputs": {},
            "resources": {
                "aws_eip.nat": {
                    "type": "aws_eip",
                    "depends_on": [
                        "aws_instance.nat"
                    ],
                    "primary": {
                        "id": "eipalloc-43913e7e",
                        "attributes": {
                            "association_id": "eipassoc-a551487e",
                            "domain": "vpc",
                            "id": "eipalloc-43913e7e",
                            "instance": "i-0a067e5007c062c6f",
                            "network_interface": "eni-c50856c0",
                            "private_ip": "10.0.0.234",
                            "public_ip": "52.8.0.218",
                            "tags.%": "0",
                            "vpc": "true"
                        },
                        "meta": {},
                        "tainted": false
                    },
                    "deposed": [],
                    "provider": "provider.aws"
                },
                "aws_eip.web-1": {
                    "type": "aws_eip",
                    "depends_on": [
                        "aws_instance.web-1"
                    ],
                    "primary": {
                        "id": "eipalloc-1d6ec120",
                        "attributes": {
                            "association_id": "eipassoc-d9504902",
                            "domain": "vpc",
                            "id": "eipalloc-1d6ec120",
                            "instance": "i-073b66fe8618f388a",
                            "network_interface": "eni-9a0b559f",
                            "private_ip": "10.0.0.198",
                            "public_ip": "54.241.88.179",
                            "tags.%": "0",
                            "vpc": "true"
                        },
                        "meta": {},
                        "tainted": false
                    },
                    "deposed": [],
                    "provider": "provider.aws"
                },
                "aws_instance.db-1": {
                    "type": "aws_instance",
                    "depends_on": [
                        "aws_security_group.db",
                        "aws_subnet.us-west-1a-private"
                    ],
                    "primary": {
                        "id": "i-0eb167899b189ab17",
                        "attributes": {
                            "ami": "ami-03adba63",
                            "associate_public_ip_address": "false",
                            "availability_zone": "us-west-1b",
                            "disable_api_termination": "false",
                            "ebs_block_device.#": "0",
                            "ebs_optimized": "false",
                            "ephemeral_block_device.#": "0",
                            "iam_instance_profile": "",
                            "id": "i-0eb167899b189ab17",
                            "instance_state": "running",
                            "instance_type": "t2.micro",
                            "ipv6_addresses.#": "0",
                            "key_name": "infra-key",
                            "monitoring": "false",
                            "network_interface.#": "0",
                            "network_interface_id": "eni-8c0337a2",
                            "placement_group": "",
                            "primary_network_interface_id": "eni-8c0337a2",
                            "private_dns": "ip-10-0-1-74.us-west-1.compute.internal",
                            "private_ip": "10.0.1.74",
                            "public_dns": "",
                            "public_ip": "",
                            "root_block_device.#": "1",
                            "root_block_device.0.delete_on_termination": "true",
                            "root_block_device.0.iops": "100",
                            "root_block_device.0.volume_id": "vol-042d34b123d7ad72a",
                            "root_block_device.0.volume_size": "8",
                            "root_block_device.0.volume_type": "gp2",
                            "security_groups.#": "0",
                            "source_dest_check": "false",
                            "subnet_id": "subnet-a04c1cc7",
                            "tags.%": "1",
                            "tags.Name": "DB Server 1",
                            "tenancy": "default",
                            "volume_tags.%": "0",
                            "vpc_security_group_ids.#": "1",
                            "vpc_security_group_ids.2312016662": "sg-8b8eaef2"
                        },
                        "meta": {
                            "e2bfb730-ecaa-11e6-8f88-34363bc7c4c0": {
                                "create": 600000000000,
                                "delete": 1200000000000,
                                "update": 600000000000
                            },
                            "schema_version": "1"
                        },
                        "tainted": false
                    },
                    "deposed": [],
                    "provider": "provider.aws"
                },
                "aws_instance.nat": {
                    "type": "aws_instance",
                    "depends_on": [
                        "aws_security_group.nat",
                        "aws_subnet.us-west-1a-public"
                    ],
                    "primary": {
                        "id": "i-0a067e5007c062c6f",
                        "attributes": {
                            "ami": "ami-2b2b296e",
                            "associate_public_ip_address": "true",
                            "availability_zone": "us-west-1a",
                            "disable_api_termination": "false",
                            "ebs_block_device.#": "0",
                            "ebs_optimized": "false",
                            "ephemeral_block_device.#": "0",
                            "iam_instance_profile": "",
                            "id": "i-0a067e5007c062c6f",
                            "instance_state": "running",
                            "instance_type": "t2.micro",
                            "ipv6_addresses.#": "0",
                            "key_name": "infra-key",
                            "monitoring": "false",
                            "network_interface.#": "0",
                            "network_interface_id": "eni-c50856c0",
                            "placement_group": "",
                            "primary_network_interface_id": "eni-c50856c0",
                            "private_dns": "ip-10-0-0-234.us-west-1.compute.internal",
                            "private_ip": "10.0.0.234",
                            "public_dns": "ec2-13-57-250-61.us-west-1.compute.amazonaws.com",
                            "public_ip": "13.57.250.61",
                            "root_block_device.#": "1",
                            "root_block_device.0.delete_on_termination": "true",
                            "root_block_device.0.iops": "0",
                            "root_block_device.0.volume_id": "vol-081247f0da560aa2e",
                            "root_block_device.0.volume_size": "8",
                            "root_block_device.0.volume_type": "standard",
                            "security_groups.#": "0",
                            "source_dest_check": "false",
                            "subnet_id": "subnet-ccadc097",
                            "tags.%": "1",
                            "tags.Name": "VPC NAT",
                            "tenancy": "default",
                            "volume_tags.%": "0",
                            "vpc_security_group_ids.#": "1",
                            "vpc_security_group_ids.2534482300": "sg-648dad1d"
                        },
                        "meta": {
                            "e2bfb730-ecaa-11e6-8f88-34363bc7c4c0": {
                                "create": 600000000000,
                                "delete": 1200000000000,
                                "update": 600000000000
                            },
                            "schema_version": "1"
                        },
                        "tainted": false
                    },
                    "deposed": [],
                    "provider": "provider.aws"
                },
                "aws_instance.web-1": {
                    "type": "aws_instance",
                    "depends_on": [
                        "aws_security_group.web",
                        "aws_subnet.us-west-1a-public"
                    ],
                    "primary": {
                        "id": "i-073b66fe8618f388a",
                        "attributes": {
                            "ami": "ami-03adba63",
                            "associate_public_ip_address": "true",
                            "availability_zone": "us-west-1a",
                            "disable_api_termination": "false",
                            "ebs_block_device.#": "0",
                            "ebs_optimized": "false",
                            "ephemeral_block_device.#": "0",
                            "iam_instance_profile": "",
                            "id": "i-073b66fe8618f388a",
                            "instance_state": "running",
                            "instance_type": "t2.micro",
                            "ipv6_addresses.#": "0",
                            "key_name": "infra-key",
                            "monitoring": "false",
                            "network_interface.#": "0",
                            "network_interface_id": "eni-9a0b559f",
                            "placement_group": "",
                            "primary_network_interface_id": "eni-9a0b559f",
                            "private_dns": "ip-10-0-0-198.us-west-1.compute.internal",
                            "private_ip": "10.0.0.198",
                            "public_dns": "ec2-13-57-214-119.us-west-1.compute.amazonaws.com",
                            "public_ip": "13.57.214.119",
                            "root_block_device.#": "1",
                            "root_block_device.0.delete_on_termination": "true",
                            "root_block_device.0.iops": "100",
                            "root_block_device.0.volume_id": "vol-0e053ad9fcf792372",
                            "root_block_device.0.volume_size": "8",
                            "root_block_device.0.volume_type": "gp2",
                            "security_groups.#": "0",
                            "source_dest_check": "false",
                            "subnet_id": "subnet-ccadc097",
                            "tags.%": "1",
                            "tags.Name": "Web Server 1",
                            "tenancy": "default",
                            "volume_tags.%": "0",
                            "vpc_security_group_ids.#": "1",
                            "vpc_security_group_ids.2756417894": "sg-9e91b1e7"
                        },
                        "meta": {
                            "e2bfb730-ecaa-11e6-8f88-34363bc7c4c0": {
                                "create": 600000000000,
                                "delete": 1200000000000,
                                "update": 600000000000
                            },
                            "schema_version": "1"
                        },
                        "tainted": false
                    },
                    "deposed": [],
                    "provider": "provider.aws"
                },
                "aws_internet_gateway.default": {
                    "type": "aws_internet_gateway",
                    "depends_on": [
                        "aws_vpc.default"
                    ],
                    "primary": {
                        "id": "igw-93f285f7",
                        "attributes": {
                            "id": "igw-93f285f7",
                            "vpc_id": "vpc-4aee602d"
                        },
                        "meta": {},
                        "tainted": false
                    },
                    "deposed": [],
                    "provider": "provider.aws"
                },
                "aws_network_acl.private": {
                    "type": "aws_network_acl",
                    "depends_on": [
                        "aws_vpc.default"
                    ],
                    "primary": {
                        "id": "acl-8c1e43eb",
                        "attributes": {
                            "egress.#": "2",
                            "egress.2264933056.action": "allow",
                            "egress.2264933056.cidr_block": "10.0.0.0/24",
                            "egress.2264933056.from_port": "80",
                            "egress.2264933056.icmp_code": "0",
                            "egress.2264933056.icmp_type": "0",
                            "egress.2264933056.ipv6_cidr_block": "",
                            "egress.2264933056.protocol": "6",
                            "egress.2264933056.rule_no": "100",
                            "egress.2264933056.to_port": "80",
                            "egress.2362156529.action": "allow",
                            "egress.2362156529.cidr_block": "10.0.0.0/24",
                            "egress.2362156529.from_port": "443",
                            "egress.2362156529.icmp_code": "0",
                            "egress.2362156529.icmp_type": "0",
                            "egress.2362156529.ipv6_cidr_block": "",
                            "egress.2362156529.protocol": "6",
                            "egress.2362156529.rule_no": "110",
                            "egress.2362156529.to_port": "443",
                            "id": "acl-8c1e43eb",
                            "ingress.#": "1",
                            "ingress.2221660410.action": "allow",
                            "ingress.2221660410.cidr_block": "10.0.0.0/24",
                            "ingress.2221660410.from_port": "80",
                            "ingress.2221660410.icmp_code": "0",
                            "ingress.2221660410.icmp_type": "0",
                            "ingress.2221660410.ipv6_cidr_block": "",
                            "ingress.2221660410.protocol": "6",
                            "ingress.2221660410.rule_no": "120",
                            "ingress.2221660410.to_port": "80",
                            "subnet_ids.#": "0",
                            "tags.%": "0",
                            "vpc_id": "vpc-4aee602d"
                        },
                        "meta": {},
                        "tainted": false
                    },
                    "deposed": [],
                    "provider": "provider.aws"
                },
                "aws_network_acl.public": {
                    "type": "aws_network_acl",
                    "depends_on": [
                        "aws_vpc.default"
                    ],
                    "primary": {
                        "id": "acl-fa1e439d",
                        "attributes": {
                            "egress.#": "3",
                            "egress.2264933056.action": "allow",
                            "egress.2264933056.cidr_block": "10.0.0.0/24",
                            "egress.2264933056.from_port": "80",
                            "egress.2264933056.icmp_code": "0",
                            "egress.2264933056.icmp_type": "0",
                            "egress.2264933056.ipv6_cidr_block": "",
                            "egress.2264933056.protocol": "6",
                            "egress.2264933056.rule_no": "100",
                            "egress.2264933056.to_port": "80",
                            "egress.2362156529.action": "allow",
                            "egress.2362156529.cidr_block": "10.0.0.0/24",
                            "egress.2362156529.from_port": "443",
                            "egress.2362156529.icmp_code": "0",
                            "egress.2362156529.icmp_type": "0",
                            "egress.2362156529.ipv6_cidr_block": "",
                            "egress.2362156529.protocol": "6",
                            "egress.2362156529.rule_no": "110",
                            "egress.2362156529.to_port": "443",
                            "egress.450209181.action": "allow",
                            "egress.450209181.cidr_block": "10.0.1.0/24",
                            "egress.450209181.from_port": "22",
                            "egress.450209181.icmp_code": "0",
                            "egress.450209181.icmp_type": "0",
                            "egress.450209181.ipv6_cidr_block": "",
                            "egress.450209181.protocol": "6",
                            "egress.450209181.rule_no": "150",
                            "egress.450209181.to_port": "22",
                            "id": "acl-fa1e439d",
                            "ingress.#": "3",
                            "ingress.2239306401.action": "allow",
                            "ingress.2239306401.cidr_block": "10.0.0.0/24",
                            "ingress.2239306401.from_port": "22",
                            "ingress.2239306401.icmp_code": "0",
                            "ingress.2239306401.icmp_type": "0",
                            "ingress.2239306401.ipv6_cidr_block": "",
                            "ingress.2239306401.protocol": "6",
                            "ingress.2239306401.rule_no": "120",
                            "ingress.2239306401.to_port": "22",
                            "ingress.2264933056.action": "allow",
                            "ingress.2264933056.cidr_block": "10.0.0.0/24",
                            "ingress.2264933056.from_port": "80",
                            "ingress.2264933056.icmp_code": "0",
                            "ingress.2264933056.icmp_type": "0",
                            "ingress.2264933056.ipv6_cidr_block": "",
                            "ingress.2264933056.protocol": "6",
                            "ingress.2264933056.rule_no": "100",
                            "ingress.2264933056.to_port": "80",
                            "ingress.2362156529.action": "allow",
                            "ingress.2362156529.cidr_block": "10.0.0.0/24",
                            "ingress.2362156529.from_port": "443",
                            "ingress.2362156529.icmp_code": "0",
                            "ingress.2362156529.icmp_type": "0",
                            "ingress.2362156529.ipv6_cidr_block": "",
                            "ingress.2362156529.protocol": "6",
                            "ingress.2362156529.rule_no": "110",
                            "ingress.2362156529.to_port": "443",
                            "subnet_ids.#": "0",
                            "tags.%": "1",
                            "tags.Name": "public_acl",
                            "vpc_id": "vpc-4aee602d"
                        },
                        "meta": {},
                        "tainted": false
                    },
                    "deposed": [],
                    "provider": "provider.aws"
                },
                "aws_route_table.us-west-1a-private": {
                    "type": "aws_route_table",
                    "depends_on": [
                        "aws_instance.nat",
                        "aws_vpc.default"
                    ],
                    "primary": {
                        "id": "rtb-ae6b5bc9",
                        "attributes": {
                            "id": "rtb-ae6b5bc9",
                            "propagating_vgws.#": "0",
                            "route.#": "1",
                            "route.4026152160.cidr_block": "0.0.0.0/0",
                            "route.4026152160.egress_only_gateway_id": "",
                            "route.4026152160.gateway_id": "",
                            "route.4026152160.instance_id": "i-0a067e5007c062c6f",
                            "route.4026152160.ipv6_cidr_block": "",
                            "route.4026152160.nat_gateway_id": "",
                            "route.4026152160.network_interface_id": "eni-c50856c0",
                            "route.4026152160.vpc_peering_connection_id": "",
                            "tags.%": "1",
                            "tags.Name": "Private Subnet",
                            "vpc_id": "vpc-4aee602d"
                        },
                        "meta": {},
                        "tainted": false
                    },
                    "deposed": [],
                    "provider": "provider.aws"
                },
                "aws_route_table.us-west-1a-public": {
                    "type": "aws_route_table",
                    "depends_on": [
                        "aws_internet_gateway.default",
                        "aws_vpc.default"
                    ],
                    "primary": {
                        "id": "rtb-be6f5fd9",
                        "attributes": {
                            "id": "rtb-be6f5fd9",
                            "propagating_vgws.#": "0",
                            "route.#": "1",
                            "route.4136194139.cidr_block": "0.0.0.0/0",
                            "route.4136194139.egress_only_gateway_id": "",
                            "route.4136194139.gateway_id": "igw-93f285f7",
                            "route.4136194139.instance_id": "",
                            "route.4136194139.ipv6_cidr_block": "",
                            "route.4136194139.nat_gateway_id": "",
                            "route.4136194139.network_interface_id": "",
                            "route.4136194139.vpc_peering_connection_id": "",
                            "tags.%": "1",
                            "tags.Name": "Public subnet",
                            "vpc_id": "vpc-4aee602d"
                        },
                        "meta": {},
                        "tainted": false
                    },
                    "deposed": [],
                    "provider": "provider.aws"
                },
                "aws_route_table_association.us-west-1a-private": {
                    "type": "aws_route_table_association",
                    "depends_on": [
                        "aws_route_table.us-west-1a-private",
                        "aws_subnet.us-west-1a-private"
                    ],
                    "primary": {
                        "id": "rtbassoc-2d1e6a4b",
                        "attributes": {
                            "id": "rtbassoc-2d1e6a4b",
                            "route_table_id": "rtb-ae6b5bc9",
                            "subnet_id": "subnet-a04c1cc7"
                        },
                        "meta": {},
                        "tainted": false
                    },
                    "deposed": [],
                    "provider": "provider.aws"
                },
                "aws_route_table_association.us-west-1a-public": {
                    "type": "aws_route_table_association",
                    "depends_on": [
                        "aws_route_table.us-west-1a-public",
                        "aws_subnet.us-west-1a-public"
                    ],
                    "primary": {
                        "id": "rtbassoc-6a1d690c",
                        "attributes": {
                            "id": "rtbassoc-6a1d690c",
                            "route_table_id": "rtb-be6f5fd9",
                            "subnet_id": "subnet-ccadc097"
                        },
                        "meta": {},
                        "tainted": false
                    },
                    "deposed": [],
                    "provider": "provider.aws"
                },
                "aws_security_group.db": {
                    "type": "aws_security_group",
                    "depends_on": [
                        "aws_security_group.web",
                        "aws_vpc.default"
                    ],
                    "primary": {
                        "id": "sg-8b8eaef2",
                        "attributes": {
                            "description": "Allow incoming database connections.",
                            "egress.#": "3",
                            "egress.2214680975.cidr_blocks.#": "1",
                            "egress.2214680975.cidr_blocks.0": "0.0.0.0/0",
                            "egress.2214680975.description": "",
                            "egress.2214680975.from_port": "80",
                            "egress.2214680975.ipv6_cidr_blocks.#": "0",
                            "egress.2214680975.prefix_list_ids.#": "0",
                            "egress.2214680975.protocol": "tcp",
                            "egress.2214680975.security_groups.#": "0",
                            "egress.2214680975.self": "false",
                            "egress.2214680975.to_port": "80",
                            "egress.2617001939.cidr_blocks.#": "1",
                            "egress.2617001939.cidr_blocks.0": "0.0.0.0/0",
                            "egress.2617001939.description": "",
                            "egress.2617001939.from_port": "443",
                            "egress.2617001939.ipv6_cidr_blocks.#": "0",
                            "egress.2617001939.prefix_list_ids.#": "0",
                            "egress.2617001939.protocol": "tcp",
                            "egress.2617001939.security_groups.#": "0",
                            "egress.2617001939.self": "false",
                            "egress.2617001939.to_port": "443",
                            "egress.3068409405.cidr_blocks.#": "1",
                            "egress.3068409405.cidr_blocks.0": "0.0.0.0/0",
                            "egress.3068409405.description": "",
                            "egress.3068409405.from_port": "8",
                            "egress.3068409405.ipv6_cidr_blocks.#": "0",
                            "egress.3068409405.prefix_list_ids.#": "0",
                            "egress.3068409405.protocol": "icmp",
                            "egress.3068409405.security_groups.#": "0",
                            "egress.3068409405.self": "false",
                            "egress.3068409405.to_port": "0",
                            "id": "sg-8b8eaef2",
                            "ingress.#": "3",
                            "ingress.3297079636.cidr_blocks.#": "1",
                            "ingress.3297079636.cidr_blocks.0": "10.0.0.0/16",
                            "ingress.3297079636.description": "",
                            "ingress.3297079636.from_port": "8",
                            "ingress.3297079636.ipv6_cidr_blocks.#": "0",
                            "ingress.3297079636.protocol": "icmp",
                            "ingress.3297079636.security_groups.#": "0",
                            "ingress.3297079636.self": "false",
                            "ingress.3297079636.to_port": "-1",
                            "ingress.4127350968.cidr_blocks.#": "0",
                            "ingress.4127350968.description": "",
                            "ingress.4127350968.from_port": "3306",
                            "ingress.4127350968.ipv6_cidr_blocks.#": "0",
                            "ingress.4127350968.protocol": "tcp",
                            "ingress.4127350968.security_groups.#": "1",
                            "ingress.4127350968.security_groups.2756417894": "sg-9e91b1e7",
                            "ingress.4127350968.self": "false",
                            "ingress.4127350968.to_port": "3306",
                            "ingress.931551850.cidr_blocks.#": "1",
                            "ingress.931551850.cidr_blocks.0": "10.0.0.0/16",
                            "ingress.931551850.description": "",
                            "ingress.931551850.from_port": "22",
                            "ingress.931551850.ipv6_cidr_blocks.#": "0",
                            "ingress.931551850.protocol": "tcp",
                            "ingress.931551850.security_groups.#": "0",
                            "ingress.931551850.self": "false",
                            "ingress.931551850.to_port": "22",
                            "name": "vpc_db",
                            "owner_id": "098618202635",
                            "revoke_rules_on_delete": "false",
                            "tags.%": "1",
                            "tags.Name": "DBServer-sg",
                            "vpc_id": "vpc-4aee602d"
                        },
                        "meta": {
                            "e2bfb730-ecaa-11e6-8f88-34363bc7c4c0": {
                                "create": 600000000000,
                                "delete": 600000000000
                            },
                            "schema_version": "1"
                        },
                        "tainted": false
                    },
                    "deposed": [],
                    "provider": "provider.aws"
                },
                "aws_security_group.nat": {
                    "type": "aws_security_group",
                    "depends_on": [
                        "aws_vpc.default"
                    ],
                    "primary": {
                        "id": "sg-648dad1d",
                        "attributes": {
                            "description": "Allow traffic to pass from the private subnet to the internet",
                            "egress.#": "4",
                            "egress.1799340084.cidr_blocks.#": "1",
                            "egress.1799340084.cidr_blocks.0": "0.0.0.0/0",
                            "egress.1799340084.description": "",
                            "egress.1799340084.from_port": "-1",
                            "egress.1799340084.ipv6_cidr_blocks.#": "0",
                            "egress.1799340084.prefix_list_ids.#": "0",
                            "egress.1799340084.protocol": "icmp",
                            "egress.1799340084.security_groups.#": "0",
                            "egress.1799340084.self": "false",
                            "egress.1799340084.to_port": "-1",
                            "egress.2214680975.cidr_blocks.#": "1",
                            "egress.2214680975.cidr_blocks.0": "0.0.0.0/0",
                            "egress.2214680975.description": "",
                            "egress.2214680975.from_port": "80",
                            "egress.2214680975.ipv6_cidr_blocks.#": "0",
                            "egress.2214680975.prefix_list_ids.#": "0",
                            "egress.2214680975.protocol": "tcp",
                            "egress.2214680975.security_groups.#": "0",
                            "egress.2214680975.self": "false",
                            "egress.2214680975.to_port": "80",
                            "egress.2617001939.cidr_blocks.#": "1",
                            "egress.2617001939.cidr_blocks.0": "0.0.0.0/0",
                            "egress.2617001939.description": "",
                            "egress.2617001939.from_port": "443",
                            "egress.2617001939.ipv6_cidr_blocks.#": "0",
                            "egress.2617001939.prefix_list_ids.#": "0",
                            "egress.2617001939.protocol": "tcp",
                            "egress.2617001939.security_groups.#": "0",
                            "egress.2617001939.self": "false",
                            "egress.2617001939.to_port": "443",
                            "egress.931551850.cidr_blocks.#": "1",
                            "egress.931551850.cidr_blocks.0": "10.0.0.0/16",
                            "egress.931551850.description": "",
                            "egress.931551850.from_port": "22",
                            "egress.931551850.ipv6_cidr_blocks.#": "0",
                            "egress.931551850.prefix_list_ids.#": "0",
                            "egress.931551850.protocol": "tcp",
                            "egress.931551850.security_groups.#": "0",
                            "egress.931551850.self": "false",
                            "egress.931551850.to_port": "22",
                            "id": "sg-648dad1d",
                            "ingress.#": "4",
                            "ingress.1799340084.cidr_blocks.#": "1",
                            "ingress.1799340084.cidr_blocks.0": "0.0.0.0/0",
                            "ingress.1799340084.description": "",
                            "ingress.1799340084.from_port": "-1",
                            "ingress.1799340084.ipv6_cidr_blocks.#": "0",
                            "ingress.1799340084.protocol": "icmp",
                            "ingress.1799340084.security_groups.#": "0",
                            "ingress.1799340084.self": "false",
                            "ingress.1799340084.to_port": "-1",
                            "ingress.2541437006.cidr_blocks.#": "1",
                            "ingress.2541437006.cidr_blocks.0": "0.0.0.0/0",
                            "ingress.2541437006.description": "",
                            "ingress.2541437006.from_port": "22",
                            "ingress.2541437006.ipv6_cidr_blocks.#": "0",
                            "ingress.2541437006.protocol": "tcp",
                            "ingress.2541437006.security_groups.#": "0",
                            "ingress.2541437006.self": "false",
                            "ingress.2541437006.to_port": "22",
                            "ingress.386650288.cidr_blocks.#": "1",
                            "ingress.386650288.cidr_blocks.0": "10.0.1.0/24",
                            "ingress.386650288.description": "",
                            "ingress.386650288.from_port": "80",
                            "ingress.386650288.ipv6_cidr_blocks.#": "0",
                            "ingress.386650288.protocol": "tcp",
                            "ingress.386650288.security_groups.#": "0",
                            "ingress.386650288.self": "false",
                            "ingress.386650288.to_port": "80",
                            "ingress.4211794038.cidr_blocks.#": "1",
                            "ingress.4211794038.cidr_blocks.0": "10.0.1.0/24",
                            "ingress.4211794038.description": "",
                            "ingress.4211794038.from_port": "443",
                            "ingress.4211794038.ipv6_cidr_blocks.#": "0",
                            "ingress.4211794038.protocol": "tcp",
                            "ingress.4211794038.security_groups.#": "0",
                            "ingress.4211794038.self": "false",
                            "ingress.4211794038.to_port": "443",
                            "name": "vpc_nat",
                            "owner_id": "098618202635",
                            "revoke_rules_on_delete": "false",
                            "tags.%": "1",
                            "tags.Name": "NAT-sg",
                            "vpc_id": "vpc-4aee602d"
                        },
                        "meta": {
                            "e2bfb730-ecaa-11e6-8f88-34363bc7c4c0": {
                                "create": 600000000000,
                                "delete": 600000000000
                            },
                            "schema_version": "1"
                        },
                        "tainted": false
                    },
                    "deposed": [],
                    "provider": "provider.aws"
                },
                "aws_security_group.web": {
                    "type": "aws_security_group",
                    "depends_on": [
                        "aws_vpc.default"
                    ],
                    "primary": {
                        "id": "sg-9e91b1e7",
                        "attributes": {
                            "description": "Allow incoming HTTP connections.",
                            "egress.#": "1",
                            "egress.957905739.cidr_blocks.#": "1",
                            "egress.957905739.cidr_blocks.0": "10.0.1.0/24",
                            "egress.957905739.description": "",
                            "egress.957905739.from_port": "3306",
                            "egress.957905739.ipv6_cidr_blocks.#": "0",
                            "egress.957905739.prefix_list_ids.#": "0",
                            "egress.957905739.protocol": "tcp",
                            "egress.957905739.security_groups.#": "0",
                            "egress.957905739.self": "false",
                            "egress.957905739.to_port": "3306",
                            "id": "sg-9e91b1e7",
                            "ingress.#": "4",
                            "ingress.1799340084.cidr_blocks.#": "1",
                            "ingress.1799340084.cidr_blocks.0": "0.0.0.0/0",
                            "ingress.1799340084.description": "",
                            "ingress.1799340084.from_port": "-1",
                            "ingress.1799340084.ipv6_cidr_blocks.#": "0",
                            "ingress.1799340084.protocol": "icmp",
                            "ingress.1799340084.security_groups.#": "0",
                            "ingress.1799340084.self": "false",
                            "ingress.1799340084.to_port": "-1",
                            "ingress.2214680975.cidr_blocks.#": "1",
                            "ingress.2214680975.cidr_blocks.0": "0.0.0.0/0",
                            "ingress.2214680975.description": "",
                            "ingress.2214680975.from_port": "80",
                            "ingress.2214680975.ipv6_cidr_blocks.#": "0",
                            "ingress.2214680975.protocol": "tcp",
                            "ingress.2214680975.security_groups.#": "0",
                            "ingress.2214680975.self": "false",
                            "ingress.2214680975.to_port": "80",
                            "ingress.2541437006.cidr_blocks.#": "1",
                            "ingress.2541437006.cidr_blocks.0": "0.0.0.0/0",
                            "ingress.2541437006.description": "",
                            "ingress.2541437006.from_port": "22",
                            "ingress.2541437006.ipv6_cidr_blocks.#": "0",
                            "ingress.2541437006.protocol": "tcp",
                            "ingress.2541437006.security_groups.#": "0",
                            "ingress.2541437006.self": "false",
                            "ingress.2541437006.to_port": "22",
                            "ingress.2617001939.cidr_blocks.#": "1",
                            "ingress.2617001939.cidr_blocks.0": "0.0.0.0/0",
                            "ingress.2617001939.description": "",
                            "ingress.2617001939.from_port": "443",
                            "ingress.2617001939.ipv6_cidr_blocks.#": "0",
                            "ingress.2617001939.protocol": "tcp",
                            "ingress.2617001939.security_groups.#": "0",
                            "ingress.2617001939.self": "false",
                            "ingress.2617001939.to_port": "443",
                            "name": "vpc_web",
                            "owner_id": "098618202635",
                            "revoke_rules_on_delete": "false",
                            "tags.%": "1",
                            "tags.Name": "WebServer-sg",
                            "vpc_id": "vpc-4aee602d"
                        },
                        "meta": {
                            "e2bfb730-ecaa-11e6-8f88-34363bc7c4c0": {
                                "create": 600000000000,
                                "delete": 600000000000
                            },
                            "schema_version": "1"
                        },
                        "tainted": false
                    },
                    "deposed": [],
                    "provider": "provider.aws"
                },
                "aws_subnet.us-west-1a-private": {
                    "type": "aws_subnet",
                    "depends_on": [
                        "aws_vpc.default"
                    ],
                    "primary": {
                        "id": "subnet-a04c1cc7",
                        "attributes": {
                            "assign_ipv6_address_on_creation": "false",
                            "availability_zone": "us-west-1b",
                            "cidr_block": "10.0.1.0/24",
                            "id": "subnet-a04c1cc7",
                            "map_public_ip_on_launch": "false",
                            "tags.%": "1",
                            "tags.Name": "Private subnet",
                            "vpc_id": "vpc-4aee602d"
                        },
                        "meta": {
                            "schema_version": "1"
                        },
                        "tainted": false
                    },
                    "deposed": [],
                    "provider": "provider.aws"
                },
                "aws_subnet.us-west-1a-public": {
                    "type": "aws_subnet",
                    "depends_on": [
                        "aws_vpc.default"
                    ],
                    "primary": {
                        "id": "subnet-ccadc097",
                        "attributes": {
                            "assign_ipv6_address_on_creation": "false",
                            "availability_zone": "us-west-1a",
                            "cidr_block": "10.0.0.0/24",
                            "id": "subnet-ccadc097",
                            "map_public_ip_on_launch": "false",
                            "tags.%": "1",
                            "tags.Name": "Public subnet",
                            "vpc_id": "vpc-4aee602d"
                        },
                        "meta": {
                            "schema_version": "1"
                        },
                        "tainted": false
                    },
                    "deposed": [],
                    "provider": "provider.aws"
                },
                "aws_vpc.default": {
                    "type": "aws_vpc",
                    "depends_on": [],
                    "primary": {
                        "id": "vpc-4aee602d",
                        "attributes": {
                            "assign_generated_ipv6_cidr_block": "false",
                            "cidr_block": "10.0.0.0/16",
                            "default_network_acl_id": "acl-ec1b468b",
                            "default_route_table_id": "rtb-915060f6",
                            "default_security_group_id": "sg-1490b06d",
                            "dhcp_options_id": "dopt-571dfe30",
                            "enable_classiclink": "false",
                            "enable_classiclink_dns_support": "false",
                            "enable_dns_hostnames": "true",
                            "enable_dns_support": "true",
                            "id": "vpc-4aee602d",
                            "instance_tenancy": "default",
                            "main_route_table_id": "rtb-915060f6",
                            "tags.%": "1",
                            "tags.Name": "terraform-aws-vpc"
                        },
                        "meta": {
                            "schema_version": "1"
                        },
                        "tainted": false
                    },
                    "deposed": [],
                    "provider": "provider.aws"
                }
            },
            "depends_on": []
        }
    ]
}
