{
    "version": 3,
    "terraform_version": "0.11.3",
    "serial": 9,
    "lineage": "9ec715dc-998c-484f-a59e-4147d9e4814a",
    "modules": [
        {
            "path": [
                "root"
            ],
            "outputs": {},
            "resources": {
                "aws_eip.nat": {
                    "type": "aws_eip",
                    "depends_on": [
                        "aws_instance.nat"
                    ],
                    "primary": {
                        "id": "eipalloc-eca406d1",
                        "attributes": {
                            "association_id": "eipassoc-c414d938",
                            "domain": "vpc",
                            "id": "eipalloc-eca406d1",
                            "instance": "i-045ea5575ebeb9640",
                            "network_interface": "eni-e29cc0cc",
                            "private_ip": "10.0.0.50",
                            "public_ip": "13.56.132.46",
                            "tags.%": "0",
                            "vpc": "true"
                        },
                        "meta": {},
                        "tainted": false
                    },
                    "deposed": [],
                    "provider": "provider.aws"
                },
                "aws_eip.web-1": {
                    "type": "aws_eip",
                    "depends_on": [
                        "aws_instance.web-1"
                    ],
                    "primary": {
                        "id": "eipalloc-27a4061a",
                        "attributes": {
                            "association_id": "eipassoc-e31ed31f",
                            "domain": "vpc",
                            "id": "eipalloc-27a4061a",
                            "instance": "i-02fbf76c8aacdfe07",
                            "network_interface": "eni-756b375b",
                            "private_ip": "10.0.0.5",
                            "public_ip": "54.183.157.62",
                            "tags.%": "0",
                            "vpc": "true"
                        },
                        "meta": {},
                        "tainted": false
                    },
                    "deposed": [],
                    "provider": "provider.aws"
                },
                "aws_instance.db-1": {
                    "type": "aws_instance",
                    "depends_on": [
                        "aws_security_group.db",
                        "aws_subnet.us-west-1a-private"
                    ],
                    "primary": {
                        "id": "i-0c44a1a53703251f5",
                        "attributes": {
                            "ami": "ami-33ddc953",
                            "associate_public_ip_address": "false",
                            "availability_zone": "us-west-1a",
                            "disable_api_termination": "false",
                            "ebs_block_device.#": "0",
                            "ebs_optimized": "false",
                            "ephemeral_block_device.#": "0",
                            "iam_instance_profile": "",
                            "id": "i-0c44a1a53703251f5",
                            "instance_state": "running",
                            "instance_type": "t2.micro",
                            "ipv6_addresses.#": "0",
                            "key_name": "",
                            "monitoring": "false",
                            "network_interface.#": "0",
                            "network_interface_id": "eni-ab6d3185",
                            "placement_group": "",
                            "primary_network_interface_id": "eni-ab6d3185",
                            "private_dns": "ip-10-0-1-84.us-west-1.compute.internal",
                            "private_ip": "10.0.1.84",
                            "public_dns": "",
                            "public_ip": "",
                            "root_block_device.#": "1",
                            "root_block_device.0.delete_on_termination": "true",
                            "root_block_device.0.iops": "100",
                            "root_block_device.0.volume_id": "vol-0257ab794d5409548",
                            "root_block_device.0.volume_size": "8",
                            "root_block_device.0.volume_type": "gp2",
                            "security_groups.#": "0",
                            "source_dest_check": "false",
                            "subnet_id": "subnet-24154043",
                            "tags.%": "1",
                            "tags.Name": "DB Server 1",
                            "tenancy": "default",
                            "volume_tags.%": "0",
                            "vpc_security_group_ids.#": "1",
                            "vpc_security_group_ids.4028131955": "sg-055d0d7c"
                        },
                        "meta": {
                            "e2bfb730-ecaa-11e6-8f88-34363bc7c4c0": {
                                "create": 600000000000,
                                "delete": 1200000000000,
                                "update": 600000000000
                            },
                            "schema_version": "1"
                        },
                        "tainted": false
                    },
                    "deposed": [],
                    "provider": "provider.aws"
                },
                "aws_instance.nat": {
                    "type": "aws_instance",
                    "depends_on": [
                        "aws_security_group.nat",
                        "aws_subnet.us-west-1a-public"
                    ],
                    "primary": {
                        "id": "i-045ea5575ebeb9640",
                        "attributes": {
                            "ami": "ami-2b2b296e",
                            "associate_public_ip_address": "true",
                            "availability_zone": "us-west-1a",
                            "disable_api_termination": "false",
                            "ebs_block_device.#": "0",
                            "ebs_optimized": "false",
                            "ephemeral_block_device.#": "0",
                            "iam_instance_profile": "",
                            "id": "i-045ea5575ebeb9640",
                            "instance_state": "running",
                            "instance_type": "t2.micro",
                            "ipv6_addresses.#": "0",
                            "key_name": "",
                            "monitoring": "false",
                            "network_interface.#": "0",
                            "network_interface_id": "eni-e29cc0cc",
                            "placement_group": "",
                            "primary_network_interface_id": "eni-e29cc0cc",
                            "private_dns": "ip-10-0-0-50.us-west-1.compute.internal",
                            "private_ip": "10.0.0.50",
                            "public_dns": "ec2-13-56-191-18.us-west-1.compute.amazonaws.com",
                            "public_ip": "13.56.191.18",
                            "root_block_device.#": "1",
                            "root_block_device.0.delete_on_termination": "true",
                            "root_block_device.0.iops": "0",
                            "root_block_device.0.volume_id": "vol-01d74591d2dd843ed",
                            "root_block_device.0.volume_size": "8",
                            "root_block_device.0.volume_type": "standard",
                            "security_groups.#": "0",
                            "source_dest_check": "false",
                            "subnet_id": "subnet-47174220",
                            "tags.%": "1",
                            "tags.Name": "VPC NAT",
                            "tenancy": "default",
                            "volume_tags.%": "0",
                            "vpc_security_group_ids.#": "1",
                            "vpc_security_group_ids.1054570012": "sg-8d5a0af4"
                        },
                        "meta": {
                            "e2bfb730-ecaa-11e6-8f88-34363bc7c4c0": {
                                "create": 600000000000,
                                "delete": 1200000000000,
                                "update": 600000000000
                            },
                            "schema_version": "1"
                        },
                        "tainted": false
                    },
                    "deposed": [],
                    "provider": "provider.aws"
                },
                "aws_instance.web-1": {
                    "type": "aws_instance",
                    "depends_on": [
                        "aws_security_group.web",
                        "aws_subnet.us-west-1a-public"
                    ],
                    "primary": {
                        "id": "i-02fbf76c8aacdfe07",
                        "attributes": {
                            "ami": "ami-33ddc953",
                            "associate_public_ip_address": "true",
                            "availability_zone": "us-west-1a",
                            "disable_api_termination": "false",
                            "ebs_block_device.#": "0",
                            "ebs_optimized": "false",
                            "ephemeral_block_device.#": "0",
                            "iam_instance_profile": "",
                            "id": "i-02fbf76c8aacdfe07",
                            "instance_state": "running",
                            "instance_type": "t2.micro",
                            "ipv6_addresses.#": "0",
                            "key_name": "testing-terraform",
                            "monitoring": "false",
                            "network_interface.#": "0",
                            "network_interface_id": "eni-756b375b",
                            "placement_group": "",
                            "primary_network_interface_id": "eni-756b375b",
                            "private_dns": "ip-10-0-0-5.us-west-1.compute.internal",
                            "private_ip": "10.0.0.5",
                            "public_dns": "ec2-54-183-157-62.us-west-1.compute.amazonaws.com",
                            "public_ip": "54.183.157.62",
                            "root_block_device.#": "1",
                            "root_block_device.0.delete_on_termination": "true",
                            "root_block_device.0.iops": "100",
                            "root_block_device.0.volume_id": "vol-0a7b99276d0afad1d",
                            "root_block_device.0.volume_size": "8",
                            "root_block_device.0.volume_type": "gp2",
                            "security_groups.#": "0",
                            "source_dest_check": "false",
                            "subnet_id": "subnet-47174220",
                            "tags.%": "1",
                            "tags.Name": "Web Server 1",
                            "tenancy": "default",
                            "volume_tags.%": "0",
                            "vpc_security_group_ids.#": "1",
                            "vpc_security_group_ids.4250924992": "sg-e25e0e9b"
                        },
                        "meta": {
                            "e2bfb730-ecaa-11e6-8f88-34363bc7c4c0": {
                                "create": 600000000000,
                                "delete": 1200000000000,
                                "update": 600000000000
                            },
                            "schema_version": "1"
                        },
                        "tainted": false
                    },
                    "deposed": [],
                    "provider": "provider.aws"
                },
                "aws_internet_gateway.default": {
                    "type": "aws_internet_gateway",
                    "depends_on": [
                        "aws_vpc.default"
                    ],
                    "primary": {
                        "id": "igw-0d731869",
                        "attributes": {
                            "id": "igw-0d731869",
                            "tags.%": "0",
                            "vpc_id": "vpc-e5c44582"
                        },
                        "meta": {},
                        "tainted": false
                    },
                    "deposed": [],
                    "provider": "provider.aws"
                },
                "aws_route_table.us-west-1a-private": {
                    "type": "aws_route_table",
                    "depends_on": [
                        "aws_instance.nat",
                        "aws_vpc.default"
                    ],
                    "primary": {
                        "id": "rtb-8a240ced",
                        "attributes": {
                            "id": "rtb-8a240ced",
                            "propagating_vgws.#": "0",
                            "route.#": "1",
                            "route.1014763316.cidr_block": "0.0.0.0/0",
                            "route.1014763316.egress_only_gateway_id": "",
                            "route.1014763316.gateway_id": "",
                            "route.1014763316.instance_id": "i-045ea5575ebeb9640",
                            "route.1014763316.ipv6_cidr_block": "",
                            "route.1014763316.nat_gateway_id": "",
                            "route.1014763316.network_interface_id": "eni-e29cc0cc",
                            "route.1014763316.vpc_peering_connection_id": "",
                            "tags.%": "1",
                            "tags.Name": "Private Subnet",
                            "vpc_id": "vpc-e5c44582"
                        },
                        "meta": {},
                        "tainted": false
                    },
                    "deposed": [],
                    "provider": "provider.aws"
                },
                "aws_route_table.us-west-1a-public": {
                    "type": "aws_route_table",
                    "depends_on": [
                        "aws_internet_gateway.default",
                        "aws_vpc.default"
                    ],
                    "primary": {
                        "id": "rtb-70260e17",
                        "attributes": {
                            "id": "rtb-70260e17",
                            "propagating_vgws.#": "0",
                            "route.#": "1",
                            "route.1110774679.cidr_block": "0.0.0.0/0",
                            "route.1110774679.egress_only_gateway_id": "",
                            "route.1110774679.gateway_id": "igw-0d731869",
                            "route.1110774679.instance_id": "",
                            "route.1110774679.ipv6_cidr_block": "",
                            "route.1110774679.nat_gateway_id": "",
                            "route.1110774679.network_interface_id": "",
                            "route.1110774679.vpc_peering_connection_id": "",
                            "tags.%": "1",
                            "tags.Name": "Public subnet",
                            "vpc_id": "vpc-e5c44582"
                        },
                        "meta": {},
                        "tainted": false
                    },
                    "deposed": [],
                    "provider": "provider.aws"
                },
                "aws_route_table_association.us-west-1a-private": {
                    "type": "aws_route_table_association",
                    "depends_on": [
                        "aws_route_table.us-west-1a-private",
                        "aws_subnet.us-west-1a-private"
                    ],
                    "primary": {
                        "id": "rtbassoc-a884e6ce",
                        "attributes": {
                            "id": "rtbassoc-a884e6ce",
                            "route_table_id": "rtb-8a240ced",
                            "subnet_id": "subnet-24154043"
                        },
                        "meta": {},
                        "tainted": false
                    },
                    "deposed": [],
                    "provider": "provider.aws"
                },
                "aws_route_table_association.us-west-1a-public": {
                    "type": "aws_route_table_association",
                    "depends_on": [
                        "aws_route_table.us-west-1a-public",
                        "aws_subnet.us-west-1a-public"
                    ],
                    "primary": {
                        "id": "rtbassoc-7c88ea1a",
                        "attributes": {
                            "id": "rtbassoc-7c88ea1a",
                            "route_table_id": "rtb-70260e17",
                            "subnet_id": "subnet-47174220"
                        },
                        "meta": {},
                        "tainted": false
                    },
                    "deposed": [],
                    "provider": "provider.aws"
                },
                "aws_security_group.db": {
                    "type": "aws_security_group",
                    "depends_on": [
                        "aws_security_group.web",
                        "aws_vpc.default"
                    ],
                    "primary": {
                        "id": "sg-055d0d7c",
                        "attributes": {
                            "description": "Allow incoming database connections.",
                            "egress.#": "2",
                            "egress.2214680975.cidr_blocks.#": "1",
                            "egress.2214680975.cidr_blocks.0": "0.0.0.0/0",
                            "egress.2214680975.description": "",
                            "egress.2214680975.from_port": "80",
                            "egress.2214680975.ipv6_cidr_blocks.#": "0",
                            "egress.2214680975.prefix_list_ids.#": "0",
                            "egress.2214680975.protocol": "tcp",
                            "egress.2214680975.security_groups.#": "0",
                            "egress.2214680975.self": "false",
                            "egress.2214680975.to_port": "80",
                            "egress.2617001939.cidr_blocks.#": "1",
                            "egress.2617001939.cidr_blocks.0": "0.0.0.0/0",
                            "egress.2617001939.description": "",
                            "egress.2617001939.from_port": "443",
                            "egress.2617001939.ipv6_cidr_blocks.#": "0",
                            "egress.2617001939.prefix_list_ids.#": "0",
                            "egress.2617001939.protocol": "tcp",
                            "egress.2617001939.security_groups.#": "0",
                            "egress.2617001939.self": "false",
                            "egress.2617001939.to_port": "443",
                            "id": "sg-055d0d7c",
                            "ingress.#": "3",
                            "ingress.267302002.cidr_blocks.#": "1",
                            "ingress.267302002.cidr_blocks.0": "10.0.0.0/16",
                            "ingress.267302002.description": "",
                            "ingress.267302002.from_port": "-1",
                            "ingress.267302002.ipv6_cidr_blocks.#": "0",
                            "ingress.267302002.protocol": "icmp",
                            "ingress.267302002.security_groups.#": "0",
                            "ingress.267302002.self": "false",
                            "ingress.267302002.to_port": "-1",
                            "ingress.3387847179.cidr_blocks.#": "0",
                            "ingress.3387847179.description": "",
                            "ingress.3387847179.from_port": "3306",
                            "ingress.3387847179.ipv6_cidr_blocks.#": "0",
                            "ingress.3387847179.protocol": "tcp",
                            "ingress.3387847179.security_groups.#": "1",
                            "ingress.3387847179.security_groups.4250924992": "sg-e25e0e9b",
                            "ingress.3387847179.self": "false",
                            "ingress.3387847179.to_port": "3306",
                            "ingress.931551850.cidr_blocks.#": "1",
                            "ingress.931551850.cidr_blocks.0": "10.0.0.0/16",
                            "ingress.931551850.description": "",
                            "ingress.931551850.from_port": "22",
                            "ingress.931551850.ipv6_cidr_blocks.#": "0",
                            "ingress.931551850.protocol": "tcp",
                            "ingress.931551850.security_groups.#": "0",
                            "ingress.931551850.self": "false",
                            "ingress.931551850.to_port": "22",
                            "name": "vpc_db",
                            "owner_id": "187636884743",
                            "revoke_rules_on_delete": "false",
                            "tags.%": "1",
                            "tags.Name": "DBServer-sg",
                            "vpc_id": "vpc-e5c44582"
                        },
                        "meta": {
                            "e2bfb730-ecaa-11e6-8f88-34363bc7c4c0": {
                                "create": 600000000000,
                                "delete": 600000000000
                            },
                            "schema_version": "1"
                        },
                        "tainted": false
                    },
                    "deposed": [],
                    "provider": "provider.aws"
                },
                "aws_security_group.nat": {
                    "type": "aws_security_group",
                    "depends_on": [
                        "aws_vpc.default"
                    ],
                    "primary": {
                        "id": "sg-8d5a0af4",
                        "attributes": {
                            "description": "Allow traffic to pass from the private subnet to the internet",
                            "egress.#": "4",
                            "egress.1799340084.cidr_blocks.#": "1",
                            "egress.1799340084.cidr_blocks.0": "0.0.0.0/0",
                            "egress.1799340084.description": "",
                            "egress.1799340084.from_port": "-1",
                            "egress.1799340084.ipv6_cidr_blocks.#": "0",
                            "egress.1799340084.prefix_list_ids.#": "0",
                            "egress.1799340084.protocol": "icmp",
                            "egress.1799340084.security_groups.#": "0",
                            "egress.1799340084.self": "false",
                            "egress.1799340084.to_port": "-1",
                            "egress.2214680975.cidr_blocks.#": "1",
                            "egress.2214680975.cidr_blocks.0": "0.0.0.0/0",
                            "egress.2214680975.description": "",
                            "egress.2214680975.from_port": "80",
                            "egress.2214680975.ipv6_cidr_blocks.#": "0",
                            "egress.2214680975.prefix_list_ids.#": "0",
                            "egress.2214680975.protocol": "tcp",
                            "egress.2214680975.security_groups.#": "0",
                            "egress.2214680975.self": "false",
                            "egress.2214680975.to_port": "80",
                            "egress.2617001939.cidr_blocks.#": "1",
                            "egress.2617001939.cidr_blocks.0": "0.0.0.0/0",
                            "egress.2617001939.description": "",
                            "egress.2617001939.from_port": "443",
                            "egress.2617001939.ipv6_cidr_blocks.#": "0",
                            "egress.2617001939.prefix_list_ids.#": "0",
                            "egress.2617001939.protocol": "tcp",
                            "egress.2617001939.security_groups.#": "0",
                            "egress.2617001939.self": "false",
                            "egress.2617001939.to_port": "443",
                            "egress.931551850.cidr_blocks.#": "1",
                            "egress.931551850.cidr_blocks.0": "10.0.0.0/16",
                            "egress.931551850.description": "",
                            "egress.931551850.from_port": "22",
                            "egress.931551850.ipv6_cidr_blocks.#": "0",
                            "egress.931551850.prefix_list_ids.#": "0",
                            "egress.931551850.protocol": "tcp",
                            "egress.931551850.security_groups.#": "0",
                            "egress.931551850.self": "false",
                            "egress.931551850.to_port": "22",
                            "id": "sg-8d5a0af4",
                            "ingress.#": "4",
                            "ingress.1799340084.cidr_blocks.#": "1",
                            "ingress.1799340084.cidr_blocks.0": "0.0.0.0/0",
                            "ingress.1799340084.description": "",
                            "ingress.1799340084.from_port": "-1",
                            "ingress.1799340084.ipv6_cidr_blocks.#": "0",
                            "ingress.1799340084.protocol": "icmp",
                            "ingress.1799340084.security_groups.#": "0",
                            "ingress.1799340084.self": "false",
                            "ingress.1799340084.to_port": "-1",
                            "ingress.2541437006.cidr_blocks.#": "1",
                            "ingress.2541437006.cidr_blocks.0": "0.0.0.0/0",
                            "ingress.2541437006.description": "",
                            "ingress.2541437006.from_port": "22",
                            "ingress.2541437006.ipv6_cidr_blocks.#": "0",
                            "ingress.2541437006.protocol": "tcp",
                            "ingress.2541437006.security_groups.#": "0",
                            "ingress.2541437006.self": "false",
                            "ingress.2541437006.to_port": "22",
                            "ingress.386650288.cidr_blocks.#": "1",
                            "ingress.386650288.cidr_blocks.0": "10.0.1.0/24",
                            "ingress.386650288.description": "",
                            "ingress.386650288.from_port": "80",
                            "ingress.386650288.ipv6_cidr_blocks.#": "0",
                            "ingress.386650288.protocol": "tcp",
                            "ingress.386650288.security_groups.#": "0",
                            "ingress.386650288.self": "false",
                            "ingress.386650288.to_port": "80",
                            "ingress.4211794038.cidr_blocks.#": "1",
                            "ingress.4211794038.cidr_blocks.0": "10.0.1.0/24",
                            "ingress.4211794038.description": "",
                            "ingress.4211794038.from_port": "443",
                            "ingress.4211794038.ipv6_cidr_blocks.#": "0",
                            "ingress.4211794038.protocol": "tcp",
                            "ingress.4211794038.security_groups.#": "0",
                            "ingress.4211794038.self": "false",
                            "ingress.4211794038.to_port": "443",
                            "name": "vpc_nat",
                            "owner_id": "187636884743",
                            "revoke_rules_on_delete": "false",
                            "tags.%": "1",
                            "tags.Name": "NAT-sg",
                            "vpc_id": "vpc-e5c44582"
                        },
                        "meta": {
                            "e2bfb730-ecaa-11e6-8f88-34363bc7c4c0": {
                                "create": 600000000000,
                                "delete": 600000000000
                            },
                            "schema_version": "1"
                        },
                        "tainted": false
                    },
                    "deposed": [],
                    "provider": "provider.aws"
                },
                "aws_security_group.web": {
                    "type": "aws_security_group",
                    "depends_on": [
                        "aws_vpc.default"
                    ],
                    "primary": {
                        "id": "sg-e25e0e9b",
                        "attributes": {
                            "description": "Allow incoming HTTP connections.",
                            "egress.#": "1",
                            "egress.957905739.cidr_blocks.#": "1",
                            "egress.957905739.cidr_blocks.0": "10.0.1.0/24",
                            "egress.957905739.description": "",
                            "egress.957905739.from_port": "3306",
                            "egress.957905739.ipv6_cidr_blocks.#": "0",
                            "egress.957905739.prefix_list_ids.#": "0",
                            "egress.957905739.protocol": "tcp",
                            "egress.957905739.security_groups.#": "0",
                            "egress.957905739.self": "false",
                            "egress.957905739.to_port": "3306",
                            "id": "sg-e25e0e9b",
                            "ingress.#": "4",
                            "ingress.1799340084.cidr_blocks.#": "1",
                            "ingress.1799340084.cidr_blocks.0": "0.0.0.0/0",
                            "ingress.1799340084.description": "",
                            "ingress.1799340084.from_port": "-1",
                            "ingress.1799340084.ipv6_cidr_blocks.#": "0",
                            "ingress.1799340084.protocol": "icmp",
                            "ingress.1799340084.security_groups.#": "0",
                            "ingress.1799340084.self": "false",
                            "ingress.1799340084.to_port": "-1",
                            "ingress.2214680975.cidr_blocks.#": "1",
                            "ingress.2214680975.cidr_blocks.0": "0.0.0.0/0",
                            "ingress.2214680975.description": "",
                            "ingress.2214680975.from_port": "80",
                            "ingress.2214680975.ipv6_cidr_blocks.#": "0",
                            "ingress.2214680975.protocol": "tcp",
                            "ingress.2214680975.security_groups.#": "0",
                            "ingress.2214680975.self": "false",
                            "ingress.2214680975.to_port": "80",
                            "ingress.2541437006.cidr_blocks.#": "1",
                            "ingress.2541437006.cidr_blocks.0": "0.0.0.0/0",
                            "ingress.2541437006.description": "",
                            "ingress.2541437006.from_port": "22",
                            "ingress.2541437006.ipv6_cidr_blocks.#": "0",
                            "ingress.2541437006.protocol": "tcp",
                            "ingress.2541437006.security_groups.#": "0",
                            "ingress.2541437006.self": "false",
                            "ingress.2541437006.to_port": "22",
                            "ingress.2617001939.cidr_blocks.#": "1",
                            "ingress.2617001939.cidr_blocks.0": "0.0.0.0/0",
                            "ingress.2617001939.description": "",
                            "ingress.2617001939.from_port": "443",
                            "ingress.2617001939.ipv6_cidr_blocks.#": "0",
                            "ingress.2617001939.protocol": "tcp",
                            "ingress.2617001939.security_groups.#": "0",
                            "ingress.2617001939.self": "false",
                            "ingress.2617001939.to_port": "443",
                            "name": "vpc_web",
                            "owner_id": "187636884743",
                            "revoke_rules_on_delete": "false",
                            "tags.%": "1",
                            "tags.Name": "WebServer-sg",
                            "vpc_id": "vpc-e5c44582"
                        },
                        "meta": {
                            "e2bfb730-ecaa-11e6-8f88-34363bc7c4c0": {
                                "create": 600000000000,
                                "delete": 600000000000
                            },
                            "schema_version": "1"
                        },
                        "tainted": false
                    },
                    "deposed": [],
                    "provider": "provider.aws"
                },
                "aws_subnet.us-west-1a-private": {
                    "type": "aws_subnet",
                    "depends_on": [
                        "aws_vpc.default"
                    ],
                    "primary": {
                        "id": "subnet-24154043",
                        "attributes": {
                            "assign_ipv6_address_on_creation": "false",
                            "availability_zone": "us-west-1a",
                            "cidr_block": "10.0.1.0/24",
                            "id": "subnet-24154043",
                            "map_public_ip_on_launch": "false",
                            "tags.%": "1",
                            "tags.Name": "Private subnet",
                            "vpc_id": "vpc-e5c44582"
                        },
                        "meta": {
                            "schema_version": "1"
                        },
                        "tainted": false
                    },
                    "deposed": [],
                    "provider": "provider.aws"
                },
                "aws_subnet.us-west-1a-public": {
                    "type": "aws_subnet",
                    "depends_on": [
                        "aws_vpc.default"
                    ],
                    "primary": {
                        "id": "subnet-47174220",
                        "attributes": {
                            "assign_ipv6_address_on_creation": "false",
                            "availability_zone": "us-west-1a",
                            "cidr_block": "10.0.0.0/24",
                            "id": "subnet-47174220",
                            "map_public_ip_on_launch": "false",
                            "tags.%": "1",
                            "tags.Name": "Public subnet",
                            "vpc_id": "vpc-e5c44582"
                        },
                        "meta": {
                            "schema_version": "1"
                        },
                        "tainted": false
                    },
                    "deposed": [],
                    "provider": "provider.aws"
                },
                "aws_vpc.default": {
                    "type": "aws_vpc",
                    "depends_on": [],
                    "primary": {
                        "id": "vpc-e5c44582",
                        "attributes": {
                            "assign_generated_ipv6_cidr_block": "false",
                            "cidr_block": "10.0.0.0/16",
                            "default_network_acl_id": "acl-a494c1c3",
                            "default_route_table_id": "rtb-71260e16",
                            "default_security_group_id": "sg-215f0f58",
                            "dhcp_options_id": "dopt-5ddde639",
                            "enable_classiclink": "false",
                            "enable_classiclink_dns_support": "false",
                            "enable_dns_hostnames": "true",
                            "enable_dns_support": "true",
                            "id": "vpc-e5c44582",
                            "instance_tenancy": "default",
                            "main_route_table_id": "rtb-71260e16",
                            "tags.%": "1",
                            "tags.Name": "terraform-aws-vpc"
                        },
                        "meta": {
                            "schema_version": "1"
                        },
                        "tainted": false
                    },
                    "deposed": [],
                    "provider": "provider.aws"
                }
            },
            "depends_on": []
        }
    ]
}
